
Microsoft Visual Studio Solution File, Format Version 12.00
# Visual Studio 15
Project("{FAE04EC0-301F-11D3-BF4B-00C04F79EFBC}") = "sc.posteffects.runtime", "sc.posteffects.runtime.csproj", "{0AE41105-0CDC-2733-291E-BFFD6E123A9B}"
EndProject
Project("{FAE04EC0-301F-11D3-BF4B-00C04F79EFBC}") = "Assembly-CSharp-firstpass", "Assembly-CSharp-firstpass.csproj", "{A2834F79-00EE-5FB8-31DB-47B7A6DC9612}"
EndProject
Project("{FAE04EC0-301F-11D3-BF4B-00C04F79EFBC}") = "Assembly-CSharp", "Assembly-CSharp.csproj", "{10CC4BFA-D7FC-8A14-18EB-2D676CC3292F}"
EndProject
Project("{FAE04EC0-301F-11D3-BF4B-00C04F79EFBC}") = "sc.posteffects.editor", "sc.posteffects.editor.csproj", "{E3603066-4DE6-A383-CA96-3A7063D9C9C3}"
EndProject
Project("{FAE04EC0-301F-11D3-BF4B-00C04F79EFBC}") = "Assembly-CSharp-Editor-firstpass", "Assembly-CSharp-Editor-firstpass.csproj", "{D2942CF0-2007-C5BD-ADDB-1B3D947A54E3}"
EndProject
Project("{FAE04EC0-301F-11D3-BF4B-00C04F79EFBC}") = "GameCreator.Update", "GameCreator.Update.csproj", "{C3C246D0-3B49-7247-CC63-8867000546C5}"
EndProject
Project("{FAE04EC0-301F-11D3-BF4B-00C04F79EFBC}") = "Assembly-CSharp-Editor", "Assembly-CSharp-Editor.csproj", "{FF732A97-0550-48DF-7BEE-2275CBD180EF}"
EndProject
Global
	GlobalSection(SolutionConfigurationPlatforms) = preSolution
		Debug|Any CPU = Debug|Any CPU
		Release|Any CPU = Release|Any CPU
	EndGlobalSection
	GlobalSection(ProjectConfigurationPlatforms) = postSolution
		{0AE41105-0CDC-2733-291E-BFFD6E123A9B}.Debug|Any CPU.ActiveCfg = Debug|Any CPU
		{0AE41105-0CDC-2733-291E-BFFD6E123A9B}.Debug|Any CPU.Build.0 = Debug|Any CPU
		{0AE41105-0CDC-2733-291E-BFFD6E123A9B}.Release|Any CPU.ActiveCfg = Release|Any CPU
		{0AE41105-0CDC-2733-291E-BFFD6E123A9B}.Release|Any CPU.Build.0 = Release|Any CPU
		{A2834F79-00EE-5FB8-31DB-47B7A6DC9612}.Debug|Any CPU.ActiveCfg = Debug|Any CPU
		{A2834F79-00EE-5FB8-31DB-47B7A6DC9612}.Debug|Any CPU.Build.0 = Debug|Any CPU
		{A2834F79-00EE-5FB8-31DB-47B7A6DC9612}.Release|Any CPU.ActiveCfg = Release|Any CPU
		{A2834F79-00EE-5FB8-31DB-47B7A6DC9612}.Release|Any CPU.Build.0 = Release|Any CPU
		{10CC4BFA-D7FC-8A14-18EB-2D676CC3292F}.Debug|Any CPU.ActiveCfg = Debug|Any CPU
		{10CC4BFA-D7FC-8A14-18EB-2D676CC3292F}.Debug|Any CPU.Build.0 = Debug|Any CPU
		{10CC4BFA-D7FC-8A14-18EB-2D676CC3292F}.Release|Any CPU.ActiveCfg = Release|Any CPU
		{10CC4BFA-D7FC-8A14-18EB-2D676CC3292F}.Release|Any CPU.Build.0 = Release|Any CPU
		{E3603066-4DE6-A383-CA96-3A7063D9C9C3}.Debug|Any CPU.ActiveCfg = Debug|Any CPU
		{E3603066-4DE6-A383-CA96-3A7063D9C9C3}.Debug|Any CPU.Build.0 = Debug|Any CPU
		{E3603066-4DE6-A383-CA96-3A7063D9C9C3}.Release|Any CPU.ActiveCfg = Release|Any CPU
		{E3603066-4DE6-A383-CA96-3A7063D9C9C3}.Release|Any CPU.Build.0 = Release|Any CPU
		{D2942CF0-2007-C5BD-ADDB-1B3D947A54E3}.Debug|Any CPU.ActiveCfg = Debug|Any CPU
		{D2942CF0-2007-C5BD-ADDB-1B3D947A54E3}.Debug|Any CPU.Build.0 = Debug|Any CPU
		{D2942CF0-2007-C5BD-ADDB-1B3D947A54E3}.Release|Any CPU.ActiveCfg = Release|Any CPU
		{D2942CF0-2007-C5BD-ADDB-1B3D947A54E3}.Release|Any CPU.Build.0 = Release|Any CPU
		{C3C246D0-3B49-7247-CC63-8867000546C5}.Debug|Any CPU.ActiveCfg = Debug|Any CPU
		{C3C246D0-3B49-7247-CC63-8867000546C5}.Debug|Any CPU.Build.0 = Debug|Any CPU
		{C3C246D0-3B49-7247-CC63-8867000546C5}.Release|Any CPU.ActiveCfg = Release|Any CPU
		{C3C246D0-3B49-7247-CC63-8867000546C5}.Release|Any CPU.Build.0 = Release|Any CPU
		{FF732A97-0550-48DF-7BEE-2275CBD180EF}.Debug|Any CPU.ActiveCfg = Debug|Any CPU
		{FF732A97-0550-48DF-7BEE-2275CBD180EF}.Debug|Any CPU.Build.0 = Debug|Any CPU
		{FF732A97-0550-48DF-7BEE-2275CBD180EF}.Release|Any CPU.ActiveCfg = Release|Any CPU
		{FF732A97-0550-48DF-7BEE-2275CBD180EF}.Release|Any CPU.Build.0 = Release|Any CPU
	EndGlobalSection
	GlobalSection(SolutionProperties) = preSolution
		HideSolutionNode = FALSE
	EndGlobalSection
EndGlobal
